
Microsoft Visual Studio Solution File, Format Version 12.00
# Visual Studio Version 17
VisualStudioVersion = 17.11.35312.102
MinimumVisualStudioVersion = 10.0.40219.1
Project("{FAE04EC0-301F-11D3-BF4B-00C04F79EFBC}") = "csharp_lesson2_task2", "csharp_lesson2_task2\csharp_lesson2_task2.csproj", "{FDAFC13F-E2D5-4884-9BF6-1627BE441513}"
EndProject
Global
	GlobalSection(SolutionConfigurationPlatforms) = preSolution
		Debug|Any CPU = Debug|Any CPU
		Release|Any CPU = Release|Any CPU
	EndGlobalSection
	GlobalSection(ProjectConfigurationPlatforms) = postSolution
		{FDAFC13F-E2D5-4884-9BF6-1627BE441513}.Debug|Any CPU.ActiveCfg = Debug|Any CPU
		{FDAFC13F-E2D5-4884-9BF6-1627BE441513}.Debug|Any CPU.Build.0 = Debug|Any CPU
		{FDAFC13F-E2D5-4884-9BF6-1627BE441513}.Release|Any CPU.ActiveCfg = Release|Any CPU
		{FDAFC13F-E2D5-4884-9BF6-1627BE441513}.Release|Any CPU.Build.0 = Release|Any CPU
	EndGlobalSection
	GlobalSection(SolutionProperties) = preSolution
		HideSolutionNode = FALSE
	EndGlobalSection
	GlobalSection(ExtensibilityGlobals) = postSolution
		SolutionGuid = {43E77482-6616-487C-8BFA-E92E099F39B8}
	EndGlobalSection
EndGlobal
